Microsoft Visual Studio Solution File, Format Version 12.00
# Visual Studio Version 17
VisualStudioVersion = 17.8.0.0
MinimumVisualStudioVersion = 10.0.40219.1
Project("{2150E333-8FDC-42A3-9474-1A3956D46DE8}") = "src", "src", "{1F4E2C8D-7B9A-4F8E-9E5A-6C1D2E3F4A5B}"
EndProject
Project("{2150E333-8FDC-42A3-9474-1A3956D46DE8}") = "Core", "Core", "{2F5E3C9E-8C0B-5F9F-0F6A-7D2E3F4B5C6D}"
EndProject
Project("{2150E333-8FDC-42A3-9474-1A3956D46DE8}") = "BoundedContexts", "BoundedContexts", "{3F6E4D0F-9D1C-6F0F-1F7B-8E3F4C5D6E7F}"
EndProject
Project("{2150E333-8FDC-42A3-9474-1A3956D46DE8}") = "DeviceManagement", "DeviceManagement", "{4F7E5E1F-0E2D-7F1F-2F8C-9F4F5D6E7F8F}"
EndProject
Project("{2150E333-8FDC-42A3-9474-1A3956D46DE8}") = "DataAcquisition", "DataAcquisition", "{1F8E2E2F-1E3D-8F2F-3F9C-1F5F7E8F9F1F}"
EndProject
Project("{9A19103F-16F7-4668-BE54-9A1E7A4F7556}") = "Spider.Core.SharedKernel", "src\Core\Spider.Core.SharedKernel\Spider.Core.SharedKernel.csproj", "{5F8E6F2F-1F3E-8F2F-3F9D-0F5F6E7F8F9F}"
EndProject
Project("{9A19103F-16F7-4668-BE54-9A1E7A4F7556}") = "Spider.Core.Application", "src\Core\Spider.Core.Application\Spider.Core.Application.csproj", "{6F9E7F3F-2F4F-9F3F-4F0E-1F6F7F8F9F0F}"
EndProject
Project("{9A19103F-16F7-4668-BE54-9A1E7A4F7556}") = "Spider.DeviceManagement.Domain", "src\BoundedContexts\DeviceManagement\Spider.DeviceManagement.Domain\Spider.DeviceManagement.Domain.csproj", "{7F0F8F4F-3F5F-0F4F-5F1F-2F7F8F9F0F1F}"
EndProject
Project("{9A19103F-16F7-4668-BE54-9A1E7A4F7556}") = "Spider.DeviceManagement.Application", "src\BoundedContexts\DeviceManagement\Spider.DeviceManagement.Application\Spider.DeviceManagement.Application.csproj", "{8F1F9F5F-4F6F-1F5F-6F2F-3F8F9F0F1F2F}"
EndProject
Project("{9A19103F-16F7-4668-BE54-9A1E7A4F7556}") = "Spider.DeviceManagement.Infrastructure", "src\BoundedContexts\DeviceManagement\Spider.DeviceManagement.Infrastructure\Spider.DeviceManagement.Infrastructure.csproj", "{9F2F0F6F-5F7F-2F6F-7F3F-4F9F0F1F2F3F}"
EndProject
Project("{9A19103F-16F7-4668-BE54-9A1E7A4F7556}") = "Spider.DeviceManagement.API", "src\BoundedContexts\DeviceManagement\Spider.DeviceManagement.API\Spider.DeviceManagement.API.csproj", "{0F3F1F7F-6F8F-3F7F-8F4F-5F0F1F2F3F4F}"
EndProject
Project("{9A19103F-16F7-4668-BE54-9A1E7A4F7556}") = "Spider.DataAcquisition.Domain", "src\BoundedContexts\DataAcquisition\Spider.DataAcquisition.Domain\Spider.DataAcquisition.Domain.csproj", "{2F9E3E3F-2E4E-9F3F-4F0D-2F7F8E9F1F2F}"
EndProject
Project("{9A19103F-16F7-4668-BE54-9A1E7A4F7556}") = "Spider.DataAcquisition.Application", "src\BoundedContexts\DataAcquisition\Spider.DataAcquisition.Application\Spider.DataAcquisition.Application.csproj", "{3F0F4F4F-3F5F-0F4F-5F1E-3F8F9F1F2F3F}"
EndProject
Project("{9A19103F-16F7-4668-BE54-9A1E7A4F7556}") = "Spider.DataAcquisition.Infrastructure", "src\BoundedContexts\DataAcquisition\Spider.DataAcquisition.Infrastructure\Spider.DataAcquisition.Infrastructure.csproj", "{4F1F5F5F-4F6F-1F5F-6F2E-4F9F1F2F3F4F}"
EndProject
Project("{9A19103F-16F7-4668-BE54-9A1E7A4F7556}") = "Spider.DataAcquisition.API", "src\BoundedContexts\DataAcquisition\Spider.DataAcquisition.API\Spider.DataAcquisition.API.csproj", "{5F2F6F6F-5F7F-2F6F-7F3E-5F1F2F3F4F5F}"
EndProject
Project("{2150E333-8FDC-42A3-9474-1A3956D46DE8}") = "ConnectionManagement", "ConnectionManagement", "{B564F334-5451-40E5-AA05-0EB10EFB6CB6}"
EndProject
Project("{FAE04EC0-301F-11D3-BF4B-00C04F79EFBC}") = "Spider.ConnectionManagement.Domain", "src\BoundedContexts\ConnectionManagement\Spider.ConnectionManagement.Domain\Spider.ConnectionManagement.Domain.csproj", "{A80B876A-99C1-4EA8-B049-4D223C89A18D}"
EndProject
Project("{FAE04EC0-301F-11D3-BF4B-00C04F79EFBC}") = "Spider.ConnectionManagement.Application", "src\BoundedContexts\ConnectionManagement\Spider.ConnectionManagement.Application\Spider.ConnectionManagement.Application.csproj", "{890CE14A-C63A-47D2-8624-F9064A922468}"
EndProject
Project("{FAE04EC0-301F-11D3-BF4B-00C04F79EFBC}") = "Spider.ConnectionManagement.Infrastructure", "src\BoundedContexts\ConnectionManagement\Spider.ConnectionManagement.Infrastructure\Spider.ConnectionManagement.Infrastructure.csproj", "{498F9190-1568-46F9-90CD-EE41FAB0EBDD}"
EndProject
Project("{FAE04EC0-301F-11D3-BF4B-00C04F79EFBC}") = "Spider.ConnectionManagement.API", "src\BoundedContexts\ConnectionManagement\Spider.ConnectionManagement.API\Spider.ConnectionManagement.API.csproj", "{6189E3D5-3BDC-44ED-B38B-DE67C3BC2A85}"
EndProject
Global
	GlobalSection(SolutionConfigurationPlatforms) = preSolution
		Debug|Any CPU = Debug|Any CPU
		Release|Any CPU = Release|Any CPU
	EndGlobalSection
	GlobalSection(ProjectConfigurationPlatforms) = postSolution
		{5F8E6F2F-1F3E-8F2F-3F9D-0F5F6E7F8F9F}.Debug|Any CPU.ActiveCfg = Debug|Any CPU
		{5F8E6F2F-1F3E-8F2F-3F9D-0F5F6E7F8F9F}.Debug|Any CPU.Build.0 = Debug|Any CPU
		{5F8E6F2F-1F3E-8F2F-3F9D-0F5F6E7F8F9F}.Release|Any CPU.ActiveCfg = Release|Any CPU
		{5F8E6F2F-1F3E-8F2F-3F9D-0F5F6E7F8F9F}.Release|Any CPU.Build.0 = Release|Any CPU
		{6F9E7F3F-2F4F-9F3F-4F0E-1F6F7F8F9F0F}.Debug|Any CPU.ActiveCfg = Debug|Any CPU
		{6F9E7F3F-2F4F-9F3F-4F0E-1F6F7F8F9F0F}.Debug|Any CPU.Build.0 = Debug|Any CPU
		{6F9E7F3F-2F4F-9F3F-4F0E-1F6F7F8F9F0F}.Release|Any CPU.ActiveCfg = Release|Any CPU
		{6F9E7F3F-2F4F-9F3F-4F0E-1F6F7F8F9F0F}.Release|Any CPU.Build.0 = Release|Any CPU
		{7F0F8F4F-3F5F-0F4F-5F1F-2F7F8F9F0F1F}.Debug|Any CPU.ActiveCfg = Debug|Any CPU
		{7F0F8F4F-3F5F-0F4F-5F1F-2F7F8F9F0F1F}.Debug|Any CPU.Build.0 = Debug|Any CPU
		{7F0F8F4F-3F5F-0F4F-5F1F-2F7F8F9F0F1F}.Release|Any CPU.ActiveCfg = Release|Any CPU
		{7F0F8F4F-3F5F-0F4F-5F1F-2F7F8F9F0F1F}.Release|Any CPU.Build.0 = Release|Any CPU
		{8F1F9F5F-4F6F-1F5F-6F2F-3F8F9F0F1F2F}.Debug|Any CPU.ActiveCfg = Debug|Any CPU
		{8F1F9F5F-4F6F-1F5F-6F2F-3F8F9F0F1F2F}.Debug|Any CPU.Build.0 = Debug|Any CPU
		{8F1F9F5F-4F6F-1F5F-6F2F-3F8F9F0F1F2F}.Release|Any CPU.ActiveCfg = Release|Any CPU
		{8F1F9F5F-4F6F-1F5F-6F2F-3F8F9F0F1F2F}.Release|Any CPU.Build.0 = Release|Any CPU
		{9F2F0F6F-5F7F-2F6F-7F3F-4F9F0F1F2F3F}.Debug|Any CPU.ActiveCfg = Debug|Any CPU
		{9F2F0F6F-5F7F-2F6F-7F3F-4F9F0F1F2F3F}.Debug|Any CPU.Build.0 = Debug|Any CPU
		{9F2F0F6F-5F7F-2F6F-7F3F-4F9F0F1F2F3F}.Release|Any CPU.ActiveCfg = Release|Any CPU
		{9F2F0F6F-5F7F-2F6F-7F3F-4F9F0F1F2F3F}.Release|Any CPU.Build.0 = Release|Any CPU
		{0F3F1F7F-6F8F-3F7F-8F4F-5F0F1F2F3F4F}.Debug|Any CPU.ActiveCfg = Debug|Any CPU
		{0F3F1F7F-6F8F-3F7F-8F4F-5F0F1F2F3F4F}.Debug|Any CPU.Build.0 = Debug|Any CPU
		{0F3F1F7F-6F8F-3F7F-8F4F-5F0F1F2F3F4F}.Release|Any CPU.ActiveCfg = Release|Any CPU
		{0F3F1F7F-6F8F-3F7F-8F4F-5F0F1F2F3F4F}.Release|Any CPU.Build.0 = Release|Any CPU
		{2F9E3E3F-2E4E-9F3F-4F0D-2F7F8E9F1F2F}.Debug|Any CPU.ActiveCfg = Debug|Any CPU
		{2F9E3E3F-2E4E-9F3F-4F0D-2F7F8E9F1F2F}.Debug|Any CPU.Build.0 = Debug|Any CPU
		{2F9E3E3F-2E4E-9F3F-4F0D-2F7F8E9F1F2F}.Release|Any CPU.ActiveCfg = Release|Any CPU
		{2F9E3E3F-2E4E-9F3F-4F0D-2F7F8E9F1F2F}.Release|Any CPU.Build.0 = Release|Any CPU
		{3F0F4F4F-3F5F-0F4F-5F1E-3F8F9F1F2F3F}.Debug|Any CPU.ActiveCfg = Debug|Any CPU
		{3F0F4F4F-3F5F-0F4F-5F1E-3F8F9F1F2F3F}.Debug|Any CPU.Build.0 = Debug|Any CPU
		{3F0F4F4F-3F5F-0F4F-5F1E-3F8F9F1F2F3F}.Release|Any CPU.ActiveCfg = Release|Any CPU
		{3F0F4F4F-3F5F-0F4F-5F1E-3F8F9F1F2F3F}.Release|Any CPU.Build.0 = Release|Any CPU
		{4F1F5F5F-4F6F-1F5F-6F2E-4F9F1F2F3F4F}.Debug|Any CPU.ActiveCfg = Debug|Any CPU
		{4F1F5F5F-4F6F-1F5F-6F2E-4F9F1F2F3F4F}.Debug|Any CPU.Build.0 = Debug|Any CPU
		{4F1F5F5F-4F6F-1F5F-6F2E-4F9F1F2F3F4F}.Release|Any CPU.ActiveCfg = Release|Any CPU
		{4F1F5F5F-4F6F-1F5F-6F2E-4F9F1F2F3F4F}.Release|Any CPU.Build.0 = Release|Any CPU
		{5F2F6F6F-5F7F-2F6F-7F3E-5F1F2F3F4F5F}.Debug|Any CPU.ActiveCfg = Debug|Any CPU
		{5F2F6F6F-5F7F-2F6F-7F3E-5F1F2F3F4F5F}.Debug|Any CPU.Build.0 = Debug|Any CPU
		{5F2F6F6F-5F7F-2F6F-7F3E-5F1F2F3F4F5F}.Release|Any CPU.ActiveCfg = Release|Any CPU
		{5F2F6F6F-5F7F-2F6F-7F3E-5F1F2F3F4F5F}.Release|Any CPU.Build.0 = Release|Any CPU
		{A80B876A-99C1-4EA8-B049-4D223C89A18D}.Debug|Any CPU.ActiveCfg = Debug|Any CPU
		{A80B876A-99C1-4EA8-B049-4D223C89A18D}.Debug|Any CPU.Build.0 = Debug|Any CPU
		{A80B876A-99C1-4EA8-B049-4D223C89A18D}.Release|Any CPU.ActiveCfg = Release|Any CPU
		{A80B876A-99C1-4EA8-B049-4D223C89A18D}.Release|Any CPU.Build.0 = Release|Any CPU
		{890CE14A-C63A-47D2-8624-F9064A922468}.Debug|Any CPU.ActiveCfg = Debug|Any CPU
		{890CE14A-C63A-47D2-8624-F9064A922468}.Debug|Any CPU.Build.0 = Debug|Any CPU
		{890CE14A-C63A-47D2-8624-F9064A922468}.Release|Any CPU.ActiveCfg = Release|Any CPU
		{890CE14A-C63A-47D2-8624-F9064A922468}.Release|Any CPU.Build.0 = Release|Any CPU
		{498F9190-1568-46F9-90CD-EE41FAB0EBDD}.Debug|Any CPU.ActiveCfg = Debug|Any CPU
		{498F9190-1568-46F9-90CD-EE41FAB0EBDD}.Debug|Any CPU.Build.0 = Debug|Any CPU
		{498F9190-1568-46F9-90CD-EE41FAB0EBDD}.Release|Any CPU.ActiveCfg = Release|Any CPU
		{498F9190-1568-46F9-90CD-EE41FAB0EBDD}.Release|Any CPU.Build.0 = Release|Any CPU
		{6189E3D5-3BDC-44ED-B38B-DE67C3BC2A85}.Debug|Any CPU.ActiveCfg = Debug|Any CPU
		{6189E3D5-3BDC-44ED-B38B-DE67C3BC2A85}.Debug|Any CPU.Build.0 = Debug|Any CPU
		{6189E3D5-3BDC-44ED-B38B-DE67C3BC2A85}.Release|Any CPU.ActiveCfg = Release|Any CPU
		{6189E3D5-3BDC-44ED-B38B-DE67C3BC2A85}.Release|Any CPU.Build.0 = Release|Any CPU
	EndGlobalSection
	GlobalSection(SolutionProperties) = preSolution
		HideSolutionNode = FALSE
	EndGlobalSection
	GlobalSection(NestedProjects) = preSolution
		{2F5E3C9E-8C0B-5F9F-0F6A-7D2E3F4B5C6D} = {1F4E2C8D-7B9A-4F8E-9E5A-6C1D2E3F4A5B}
		{3F6E4D0F-9D1C-6F0F-1F7B-8E3F4C5D6E7F} = {1F4E2C8D-7B9A-4F8E-9E5A-6C1D2E3F4A5B}
		{4F7E5E1F-0E2D-7F1F-2F8C-9F4F5D6E7F8F} = {3F6E4D0F-9D1C-6F0F-1F7B-8E3F4C5D6E7F}
		{1F8E2E2F-1E3D-8F2F-3F9C-1F5F7E8F9F1F} = {3F6E4D0F-9D1C-6F0F-1F7B-8E3F4C5D6E7F}
		{5F8E6F2F-1F3E-8F2F-3F9D-0F5F6E7F8F9F} = {2F5E3C9E-8C0B-5F9F-0F6A-7D2E3F4B5C6D}
		{6F9E7F3F-2F4F-9F3F-4F0E-1F6F7F8F9F0F} = {2F5E3C9E-8C0B-5F9F-0F6A-7D2E3F4B5C6D}
		{7F0F8F4F-3F5F-0F4F-5F1F-2F7F8F9F0F1F} = {4F7E5E1F-0E2D-7F1F-2F8C-9F4F5D6E7F8F}
		{8F1F9F5F-4F6F-1F5F-6F2F-3F8F9F0F1F2F} = {4F7E5E1F-0E2D-7F1F-2F8C-9F4F5D6E7F8F}
		{9F2F0F6F-5F7F-2F6F-7F3F-4F9F0F1F2F3F} = {4F7E5E1F-0E2D-7F1F-2F8C-9F4F5D6E7F8F}
		{0F3F1F7F-6F8F-3F7F-8F4F-5F0F1F2F3F4F} = {4F7E5E1F-0E2D-7F1F-2F8C-9F4F5D6E7F8F}
		{2F9E3E3F-2E4E-9F3F-4F0D-2F7F8E9F1F2F} = {1F8E2E2F-1E3D-8F2F-3F9C-1F5F7E8F9F1F}
		{3F0F4F4F-3F5F-0F4F-5F1E-3F8F9F1F2F3F} = {1F8E2E2F-1E3D-8F2F-3F9C-1F5F7E8F9F1F}
		{4F1F5F5F-4F6F-1F5F-6F2E-4F9F1F2F3F4F} = {1F8E2E2F-1E3D-8F2F-3F9C-1F5F7E8F9F1F}
		{5F2F6F6F-5F7F-2F6F-7F3E-5F1F2F3F4F5F} = {1F8E2E2F-1E3D-8F2F-3F9C-1F5F7E8F9F1F}
		{B564F334-5451-40E5-AA05-0EB10EFB6CB6} = {3F6E4D0F-9D1C-6F0F-1F7B-8E3F4C5D6E7F}
		{A80B876A-99C1-4EA8-B049-4D223C89A18D} = {B564F334-5451-40E5-AA05-0EB10EFB6CB6}
		{890CE14A-C63A-47D2-8624-F9064A922468} = {B564F334-5451-40E5-AA05-0EB10EFB6CB6}
		{498F9190-1568-46F9-90CD-EE41FAB0EBDD} = {B564F334-5451-40E5-AA05-0EB10EFB6CB6}
		{6189E3D5-3BDC-44ED-B38B-DE67C3BC2A85} = {B564F334-5451-40E5-AA05-0EB10EFB6CB6}
	EndGlobalSection
	GlobalSection(ExtensibilityGlobals) = postSolution
		SolutionGuid = {0F3F4C5D-6E7F-8F9F-0F1F-2F3F4C5D6E7F}
	EndGlobalSection
EndGlobal
